
Microsoft Visual Studio Solution File, Format Version 12.00
# Visual Studio Version 17
VisualStudioVersion = 17.4.33213.308
MinimumVisualStudioVersion = 10.0.40219.1
Project("{F184B08F-C81C-45F6-A57F-5ABD9991F28F}") = "Ex1", "Ex1\Ex1.vbproj", "{A946D165-042F-45C5-8189-5B3DCFCDEF80}"
EndProject
Global
	GlobalSection(SolutionConfigurationPlatforms) = preSolution
		Debug|Any CPU = Debug|Any CPU
		Release|Any CPU = Release|Any CPU
	EndGlobalSection
	GlobalSection(ProjectConfigurationPlatforms) = postSolution
		{A946D165-042F-45C5-8189-5B3DCFCDEF80}.Debug|Any CPU.ActiveCfg = Debug|Any CPU
		{A946D165-042F-45C5-8189-5B3DCFCDEF80}.Debug|Any CPU.Build.0 = Debug|Any CPU
		{A946D165-042F-45C5-8189-5B3DCFCDEF80}.Release|Any CPU.ActiveCfg = Release|Any CPU
		{A946D165-042F-45C5-8189-5B3DCFCDEF80}.Release|Any CPU.Build.0 = Release|Any CPU
	EndGlobalSection
	GlobalSection(SolutionProperties) = preSolution
		HideSolutionNode = FALSE
	EndGlobalSection
	GlobalSection(ExtensibilityGlobals) = postSolution
		SolutionGuid = {A0D2219C-08F9-4977-B295-9EC6FD4DE76D}
	EndGlobalSection
EndGlobal
